<?xml version="1.0" encoding="utf-8"?>
<Project ToolsVersion="4.0" xmlns="http://schemas.microsoft.com/developer/msbuild/2003">
  <ItemGroup>
    <Filter Include="소스 파일">
      <UniqueIdentifier>{4FC737F1-C7A5-4376-A066-2A32D752A2FF}</UniqueIdentifier>
      <Extensions>cpp;c;cc;cxx;c++;cppm;ixx;def;odl;idl;hpj;bat;asm;asmx</Extensions>
    </Filter>
    <Filter Include="헤더 파일">
      <UniqueIdentifier>{93995380-89BD-4b04-88EB-625FBE52EBFB}</UniqueIdentifier>
      <Extensions>h;hh;hpp;hxx;h++;hm;inl;inc;ipp;xsd</Extensions>
    </Filter>
    <Filter Include="리소스 파일">
      <UniqueIdentifier>{67DA6AB6-F800-4c08-8B7A-83BB121AAD01}</UniqueIdentifier>
      <Extensions>rc;ico;cur;bmp;dlg;rc2;rct;bin;rgs;gif;jpg;jpeg;jpe;resx;tiff;tif;png;wav;mfcribbon-ms</Extensions>
    </Filter>
    <Filter Include="소스 파일\0814">
      <UniqueIdentifier>{e30237e2-012f-41cd-a3f2-6b4d6a0c6a28}</UniqueIdentifier>
    </Filter>
    <Filter Include="소스 파일\0819">
      <UniqueIdentifier>{ed011910-88d1-4a42-9c10-9b869fb5bd24}</UniqueIdentifier>
    </Filter>
    <Filter Include="소스 파일\0902">
      <UniqueIdentifier>{74737cf8-9883-4309-be82-2bbe7cfb63b7}</UniqueIdentifier>
    </Filter>
    <Filter Include="소스 파일\1203">
      <UniqueIdentifier>{25573846-3dc0-46de-98b9-8ceeb24dbb54}</UniqueIdentifier>
    </Filter>
  </ItemGroup>
  <ItemGroup>
    <ClCompile Include="0814_1.cpp">
      <Filter>소스 파일\0814</Filter>
    </ClCompile>
    <ClCompile Include="0814_2.cpp">
      <Filter>소스 파일\0814</Filter>
    </ClCompile>
    <ClCompile Include="0814_3.cpp">
      <Filter>소스 파일\0814</Filter>
    </ClCompile>
    <ClCompile Include="0814_4.cpp">
      <Filter>소스 파일\0814</Filter>
    </ClCompile>
    <ClCompile Include="0814_5.cpp">
      <Filter>소스 파일\0814</Filter>
    </ClCompile>
    <ClCompile Include="0814_6.cpp">
      <Filter>소스 파일\0814</Filter>
    </ClCompile>
    <ClCompile Include="0814_7.cpp">
      <Filter>소스 파일\0814</Filter>
    </ClCompile>
    <ClCompile Include="0814_8.cpp">
      <Filter>소스 파일\0814</Filter>
    </ClCompile>
    <ClCompile Include="0814_9.cpp">
      <Filter>소스 파일\0814</Filter>
    </ClCompile>
    <ClCompile Include="0814_10.cpp">
      <Filter>소스 파일\0814</Filter>
    </ClCompile>
    <ClCompile Include="0814_11.cpp">
      <Filter>소스 파일\0814</Filter>
    </ClCompile>
    <ClCompile Include="0814_12.cpp">
      <Filter>소스 파일\0814</Filter>
    </ClCompile>
    <ClCompile Include="0819_1.cpp">
      <Filter>소스 파일\0819</Filter>
    </ClCompile>
    <ClCompile Include="0819_2.cpp">
      <Filter>소스 파일\0819</Filter>
    </ClCompile>
    <ClCompile Include="0819_3.cpp">
      <Filter>소스 파일\0819</Filter>
    </ClCompile>
    <ClCompile Include="0819_4.cpp">
      <Filter>소스 파일\0819</Filter>
    </ClCompile>
    <ClCompile Include="0819_5.cpp">
      <Filter>소스 파일\0819</Filter>
    </ClCompile>
    <ClCompile Include="0819_6.cpp">
      <Filter>소스 파일\0819</Filter>
    </ClCompile>
    <ClCompile Include="0819_7.cpp">
      <Filter>소스 파일\0819</Filter>
    </ClCompile>
    <ClCompile Include="0819_8.cpp">
      <Filter>소스 파일\0819</Filter>
    </ClCompile>
    <ClCompile Include="0819_9.cpp">
      <Filter>소스 파일\0819</Filter>
    </ClCompile>
    <ClCompile Include="0902_1.cpp">
      <Filter>소스 파일\0902</Filter>
    </ClCompile>
    <ClCompile Include="0902_2.cpp">
      <Filter>소스 파일\0902</Filter>
    </ClCompile>
    <ClCompile Include="0902_3.cpp">
      <Filter>소스 파일\0902</Filter>
    </ClCompile>
    <ClCompile Include="0902_4.cpp">
      <Filter>소스 파일\0902</Filter>
    </ClCompile>
    <ClCompile Include="0902_5.cpp">
      <Filter>소스 파일\0902</Filter>
    </ClCompile>
    <ClCompile Include="0902_6.cpp">
      <Filter>소스 파일\0902</Filter>
    </ClCompile>
    <ClCompile Include="0902_7.cpp">
      <Filter>소스 파일\0902</Filter>
    </ClCompile>
    <ClCompile Include="0902_8.cpp">
      <Filter>소스 파일\0902</Filter>
    </ClCompile>
    <ClCompile Include="0902_9.cpp">
      <Filter>소스 파일\0902</Filter>
    </ClCompile>
    <ClCompile Include="1202_1.cpp">
      <Filter>소스 파일\1203</Filter>
    </ClCompile>
    <ClCompile Include="1203_1.cpp">
      <Filter>소스 파일\1203</Filter>
    </ClCompile>
    <ClCompile Include="func.cpp">
      <Filter>소스 파일\1203</Filter>
    </ClCompile>
  </ItemGroup>
  <ItemGroup>
    <ClInclude Include="new.h">
      <Filter>헤더 파일</Filter>
    </ClInclude>
    <ClInclude Include="struct.h">
      <Filter>헤더 파일</Filter>
    </ClInclude>
    <ClInclude Include="Stock.h">
      <Filter>헤더 파일</Filter>
    </ClInclude>
  </ItemGroup>
</Project>